
Microsoft Visual Studio Solution File, Format Version 12.00
# Visual Studio Version 16
VisualStudioVersion = 16.0.31410.357
MinimumVisualStudioVersion = 10.0.40219.1
Project("{9A19103F-16F7-4668-BE54-9A1E7A4F7556}") = "Fundamentals", "Fundamentals\Fundamentals.csproj", "{5CAF344D-212C-43DC-9FCA-F8CBDA7FF5D3}"
EndProject
Project("{FAE04EC0-301F-11D3-BF4B-00C04F79EFBC}") = "GradeBookTest", "GradeBookTest\GradeBookTest.csproj", "{AC281CF2-D1A7-4CD3-BEB1-9DBC1518F9BC}"
EndProject
Global
	GlobalSection(SolutionConfigurationPlatforms) = preSolution
		Debug|Any CPU = Debug|Any CPU
		Release|Any CPU = Release|Any CPU
	EndGlobalSection
	GlobalSection(ProjectConfigurationPlatforms) = postSolution
		{5CAF344D-212C-43DC-9FCA-F8CBDA7FF5D3}.Debug|Any CPU.ActiveCfg = Debug|Any CPU
		{5CAF344D-212C-43DC-9FCA-F8CBDA7FF5D3}.Debug|Any CPU.Build.0 = Debug|Any CPU
		{5CAF344D-212C-43DC-9FCA-F8CBDA7FF5D3}.Release|Any CPU.ActiveCfg = Release|Any CPU
		{5CAF344D-212C-43DC-9FCA-F8CBDA7FF5D3}.Release|Any CPU.Build.0 = Release|Any CPU
		{AC281CF2-D1A7-4CD3-BEB1-9DBC1518F9BC}.Debug|Any CPU.ActiveCfg = Debug|Any CPU
		{AC281CF2-D1A7-4CD3-BEB1-9DBC1518F9BC}.Debug|Any CPU.Build.0 = Debug|Any CPU
		{AC281CF2-D1A7-4CD3-BEB1-9DBC1518F9BC}.Release|Any CPU.ActiveCfg = Release|Any CPU
		{AC281CF2-D1A7-4CD3-BEB1-9DBC1518F9BC}.Release|Any CPU.Build.0 = Release|Any CPU
	EndGlobalSection
	GlobalSection(SolutionProperties) = preSolution
		HideSolutionNode = FALSE
	EndGlobalSection
	GlobalSection(ExtensibilityGlobals) = postSolution
		SolutionGuid = {3B82DEC7-A033-45C4-A09C-3FDBE11C9CFD}
	EndGlobalSection
EndGlobal
